
Microsoft Visual Studio Solution File, Format Version 12.00
# Visual Studio Version 16
VisualStudioVersion = 16.0.30002.166
MinimumVisualStudioVersion = 10.0.40219.1
Project("{FAE04EC0-301F-11D3-BF4B-00C04F79EFBC}") = "Fiche_patient", "Fiche_patient\Fiche_patient.csproj", "{DE0CA9D5-9170-4CC3-879A-6553F897E461}"
EndProject
Global
	GlobalSection(SolutionConfigurationPlatforms) = preSolution
		Debug|Any CPU = Debug|Any CPU
		Release|Any CPU = Release|Any CPU
	EndGlobalSection
	GlobalSection(ProjectConfigurationPlatforms) = postSolution
		{DE0CA9D5-9170-4CC3-879A-6553F897E461}.Debug|Any CPU.ActiveCfg = Debug|Any CPU
		{DE0CA9D5-9170-4CC3-879A-6553F897E461}.Debug|Any CPU.Build.0 = Debug|Any CPU
		{DE0CA9D5-9170-4CC3-879A-6553F897E461}.Release|Any CPU.ActiveCfg = Release|Any CPU
		{DE0CA9D5-9170-4CC3-879A-6553F897E461}.Release|Any CPU.Build.0 = Release|Any CPU
	EndGlobalSection
	GlobalSection(SolutionProperties) = preSolution
		HideSolutionNode = FALSE
	EndGlobalSection
	GlobalSection(ExtensibilityGlobals) = postSolution
		SolutionGuid = {EA339928-8350-4D2B-BB19-764FBDB1C0CA}
	EndGlobalSection
EndGlobal
